// !$*UTF8*$!
{
	archiveVersion = 1;
	classes = {
	};
	objectVersion = 46;
	objects = {

/* Begin PBXBuildFile section */
		1F1072C91EDBD0B300882053 /* WelcomeViewController.swift in Sources */ = {isa = PBXBuildFile; fileRef = 1F1072C71EDBD0B300882053 /* WelcomeViewController.swift */; };
		1F1072CA1EDBD0B300882053 /* WelcomeViewController.xib in Resources */ = {isa = PBXBuildFile; fileRef = 1F1072C81EDBD0B300882053 /* WelcomeViewController.xib */; };
		1F8751C41ED167C7006F5733 /* AppDelegate.swift in Sources */ = {isa = PBXBuildFile; fileRef = 1F8751C31ED167C7006F5733 /* AppDelegate.swift */; };
		1F8751CB1ED167C7006F5733 /* Assets.xcassets in Resources */ = {isa = PBXBuildFile; fileRef = 1F8751CA1ED167C7006F5733 /* Assets.xcassets */; };
		1F8751CE1ED167C7006F5733 /* LaunchScreen.storyboard in Resources */ = {isa = PBXBuildFile; fileRef = 1F8751CC1ED167C7006F5733 /* LaunchScreen.storyboard */; };
		1F8751D91ED167C8006F5733 /* Ultimate_AppTests.swift in Sources */ = {isa = PBXBuildFile; fileRef = 1F8751D81ED167C8006F5733 /* Ultimate_AppTests.swift */; };
		1F8751E41ED167C8006F5733 /* Ultimate_AppUITests.swift in Sources */ = {isa = PBXBuildFile; fileRef = 1F8751E31ED167C8006F5733 /* Ultimate_AppUITests.swift */; };
		1F8751F21ED1682F006F5733 /* Extensions.swift in Sources */ = {isa = PBXBuildFile; fileRef = 1F8751F11ED1682F006F5733 /* Extensions.swift */; };
		1F8751F81ED16885006F5733 /* SignInViewController.swift in Sources */ = {isa = PBXBuildFile; fileRef = 1F8751F61ED16885006F5733 /* SignInViewController.swift */; };
		1F8751F91ED16885006F5733 /* SignInViewController.xib in Resources */ = {isa = PBXBuildFile; fileRef = 1F8751F71ED16885006F5733 /* SignInViewController.xib */; };
		1F8751FC1ED16893006F5733 /* CreateAccountViewController.swift in Sources */ = {isa = PBXBuildFile; fileRef = 1F8751FA1ED16893006F5733 /* CreateAccountViewController.swift */; };
		1F8751FD1ED16893006F5733 /* CreateAccountViewController.xib in Resources */ = {isa = PBXBuildFile; fileRef = 1F8751FB1ED16893006F5733 /* CreateAccountViewController.xib */; };
		1F8752021ED16B70006F5733 /* CreateAccountViewModel.swift in Sources */ = {isa = PBXBuildFile; fileRef = 1F8752011ED16B70006F5733 /* CreateAccountViewModel.swift */; };
		1F8752041ED1709B006F5733 /* SignInViewModel.swift in Sources */ = {isa = PBXBuildFile; fileRef = 1F8752031ED1709B006F5733 /* SignInViewModel.swift */; };
		1F8752071ED173AF006F5733 /* DashboardTabBarViewController.swift in Sources */ = {isa = PBXBuildFile; fileRef = 1F8752051ED173AF006F5733 /* DashboardTabBarViewController.swift */; };
		1F8752081ED173AF006F5733 /* DashboardTabBarViewController.xib in Resources */ = {isa = PBXBuildFile; fileRef = 1F8752061ED173AF006F5733 /* DashboardTabBarViewController.xib */; };
		1F87520A1ED17434006F5733 /* DashboardViewModel.swift in Sources */ = {isa = PBXBuildFile; fileRef = 1F8752091ED17434006F5733 /* DashboardViewModel.swift */; };
		1F87520C1ED1746E006F5733 /* Account.swift in Sources */ = {isa = PBXBuildFile; fileRef = 1F87520B1ED1746E006F5733 /* Account.swift */; };
		1F87520E1ED175D3006F5733 /* DataStore.swift in Sources */ = {isa = PBXBuildFile; fileRef = 1F87520D1ED175D3006F5733 /* DataStore.swift */; };
		1FEE0E551ED20AFE0043EEAB /* ProfileViewController.swift in Sources */ = {isa = PBXBuildFile; fileRef = 1FEE0E531ED20AFE0043EEAB /* ProfileViewController.swift */; };
		1FEE0E561ED20AFE0043EEAB /* ProfileViewController.xib in Resources */ = {isa = PBXBuildFile; fileRef = 1FEE0E541ED20AFE0043EEAB /* ProfileViewController.xib */; };
		1FEE0E591ED219AB0043EEAB /* MessagesViewController.swift in Sources */ = {isa = PBXBuildFile; fileRef = 1FEE0E571ED219AB0043EEAB /* MessagesViewController.swift */; };
		1FEE0E5A1ED219AB0043EEAB /* MessagesViewController.xib in Resources */ = {isa = PBXBuildFile; fileRef = 1FEE0E581ED219AB0043EEAB /* MessagesViewController.xib */; };
		1FEE0E5D1ED219CD0043EEAB /* FeedViewController.swift in Sources */ = {isa = PBXBuildFile; fileRef = 1FEE0E5B1ED219CD0043EEAB /* FeedViewController.swift */; };
		1FEE0E5E1ED219CD0043EEAB /* FeedViewController.xib in Resources */ = {isa = PBXBuildFile; fileRef = 1FEE0E5C1ED219CD0043EEAB /* FeedViewController.xib */; };
		1FEE0E601ED21F710043EEAB /* Utils.swift in Sources */ = {isa = PBXBuildFile; fileRef = 1FEE0E5F1ED21F710043EEAB /* Utils.swift */; };
		1FEE0E621ED220F10043EEAB /* ProfileViewModel.swift in Sources */ = {isa = PBXBuildFile; fileRef = 1FEE0E611ED220F10043EEAB /* ProfileViewModel.swift */; };
		1FF632F51ED25B93007AED58 /* Message.swift in Sources */ = {isa = PBXBuildFile; fileRef = 1FF632F41ED25B93007AED58 /* Message.swift */; };
		1FF632F71ED25C94007AED58 /* Event.swift in Sources */ = {isa = PBXBuildFile; fileRef = 1FF632F61ED25C94007AED58 /* Event.swift */; };
		F4D1C60355FA37B4F5AA095C /* Pods_Ultimate_App.framework in Frameworks */ = {isa = PBXBuildFile; fileRef = E74D485177AFD80DD3A13AE3 /* Pods_Ultimate_App.framework */; };
/* End PBXBuildFile section */

/* Begin PBXContainerItemProxy section */
		1F8751D51ED167C8006F5733 /* PBXContainerItemProxy */ = {
			isa = PBXContainerItemProxy;
			containerPortal = 1F8751B81ED167C7006F5733 /* Project object */;
			proxyType = 1;
			remoteGlobalIDString = 1F8751BF1ED167C7006F5733;
			remoteInfo = "Ultimate App";
		};
		1F8751E01ED167C8006F5733 /* PBXContainerItemProxy */ = {
			isa = PBXContainerItemProxy;
			containerPortal = 1F8751B81ED167C7006F5733 /* Project object */;
			proxyType = 1;
			remoteGlobalIDString = 1F8751BF1ED167C7006F5733;
			remoteInfo = "Ultimate App";
		};
/* End PBXContainerItemProxy section */

/* Begin PBXFileReference section */
		1F1072C71EDBD0B300882053 /* WelcomeViewController.swift */ = {isa = PBXFileReference; fileEncoding = 4; lastKnownFileType = sourcecode.swift; path = WelcomeViewController.swift; sourceTree = "<group>"; };
		1F1072C81EDBD0B300882053 /* WelcomeViewController.xib */ = {isa = PBXFileReference; fileEncoding = 4; lastKnownFileType = file.xib; path = WelcomeViewController.xib; sourceTree = "<group>"; };
		1F8751C01ED167C7006F5733 /* Ultimate App.app */ = {isa = PBXFileReference; explicitFileType = wrapper.application; includeInIndex = 0; path = "Ultimate App.app"; sourceTree = BUILT_PRODUCTS_DIR; };
		1F8751C31ED167C7006F5733 /* AppDelegate.swift */ = {isa = PBXFileReference; lastKnownFileType = sourcecode.swift; path = AppDelegate.swift; sourceTree = "<group>"; };
		1F8751CA1ED167C7006F5733 /* Assets.xcassets */ = {isa = PBXFileReference; lastKnownFileType = folder.assetcatalog; path = Assets.xcassets; sourceTree = "<group>"; };
		1F8751CD1ED167C7006F5733 /* Base */ = {isa = PBXFileReference; lastKnownFileType = file.storyboard; name = Base; path = Base.lproj/LaunchScreen.storyboard; sourceTree = "<group>"; };
		1F8751CF1ED167C7006F5733 /* Info.plist */ = {isa = PBXFileReference; lastKnownFileType = text.plist.xml; path = Info.plist; sourceTree = "<group>"; };
		1F8751D41ED167C8006F5733 /* Ultimate AppTests.xctest */ = {isa = PBXFileReference; explicitFileType = wrapper.cfbundle; includeInIndex = 0; path = "Ultimate AppTests.xctest"; sourceTree = BUILT_PRODUCTS_DIR; };
		1F8751D81ED167C8006F5733 /* Ultimate_AppTests.swift */ = {isa = PBXFileReference; lastKnownFileType = sourcecode.swift; path = Ultimate_AppTests.swift; sourceTree = "<group>"; };
		1F8751DA1ED167C8006F5733 /* Info.plist */ = {isa = PBXFileReference; lastKnownFileType = text.plist.xml; path = Info.plist; sourceTree = "<group>"; };
		1F8751DF1ED167C8006F5733 /* Ultimate AppUITests.xctest */ = {isa = PBXFileReference; explicitFileType = wrapper.cfbundle; includeInIndex = 0; path = "Ultimate AppUITests.xctest"; sourceTree = BUILT_PRODUCTS_DIR; };
		1F8751E31ED167C8006F5733 /* Ultimate_AppUITests.swift */ = {isa = PBXFileReference; lastKnownFileType = sourcecode.swift; path = Ultimate_AppUITests.swift; sourceTree = "<group>"; };
		1F8751E51ED167C8006F5733 /* Info.plist */ = {isa = PBXFileReference; lastKnownFileType = text.plist.xml; path = Info.plist; sourceTree = "<group>"; };
		1F8751F11ED1682F006F5733 /* Extensions.swift */ = {isa = PBXFileReference; fileEncoding = 4; lastKnownFileType = sourcecode.swift; path = Extensions.swift; sourceTree = "<group>"; };
		1F8751F61ED16885006F5733 /* SignInViewController.swift */ = {isa = PBXFileReference; fileEncoding = 4; lastKnownFileType = sourcecode.swift; path = SignInViewController.swift; sourceTree = "<group>"; };
		1F8751F71ED16885006F5733 /* SignInViewController.xib */ = {isa = PBXFileReference; fileEncoding = 4; lastKnownFileType = file.xib; path = SignInViewController.xib; sourceTree = "<group>"; };
		1F8751FA1ED16893006F5733 /* CreateAccountViewController.swift */ = {isa = PBXFileReference; fileEncoding = 4; lastKnownFileType = sourcecode.swift; path = CreateAccountViewController.swift; sourceTree = "<group>"; };
		1F8751FB1ED16893006F5733 /* CreateAccountViewController.xib */ = {isa = PBXFileReference; fileEncoding = 4; lastKnownFileType = file.xib; path = CreateAccountViewController.xib; sourceTree = "<group>"; };
		1F8752011ED16B70006F5733 /* CreateAccountViewModel.swift */ = {isa = PBXFileReference; fileEncoding = 4; lastKnownFileType = sourcecode.swift; path = CreateAccountViewModel.swift; sourceTree = "<group>"; };
		1F8752031ED1709B006F5733 /* SignInViewModel.swift */ = {isa = PBXFileReference; fileEncoding = 4; lastKnownFileType = sourcecode.swift; path = SignInViewModel.swift; sourceTree = "<group>"; };
		1F8752051ED173AF006F5733 /* DashboardTabBarViewController.swift */ = {isa = PBXFileReference; fileEncoding = 4; lastKnownFileType = sourcecode.swift; path = DashboardTabBarViewController.swift; sourceTree = "<group>"; };
		1F8752061ED173AF006F5733 /* DashboardTabBarViewController.xib */ = {isa = PBXFileReference; fileEncoding = 4; lastKnownFileType = file.xib; path = DashboardTabBarViewController.xib; sourceTree = "<group>"; };
		1F8752091ED17434006F5733 /* DashboardViewModel.swift */ = {isa = PBXFileReference; fileEncoding = 4; lastKnownFileType = sourcecode.swift; path = DashboardViewModel.swift; sourceTree = "<group>"; };
		1F87520B1ED1746E006F5733 /* Account.swift */ = {isa = PBXFileReference; fileEncoding = 4; lastKnownFileType = sourcecode.swift; path = Account.swift; sourceTree = "<group>"; };
		1F87520D1ED175D3006F5733 /* DataStore.swift */ = {isa = PBXFileReference; fileEncoding = 4; lastKnownFileType = sourcecode.swift; path = DataStore.swift; sourceTree = "<group>"; };
		1FEE0E531ED20AFE0043EEAB /* ProfileViewController.swift */ = {isa = PBXFileReference; fileEncoding = 4; lastKnownFileType = sourcecode.swift; path = ProfileViewController.swift; sourceTree = "<group>"; };
		1FEE0E541ED20AFE0043EEAB /* ProfileViewController.xib */ = {isa = PBXFileReference; fileEncoding = 4; lastKnownFileType = file.xib; path = ProfileViewController.xib; sourceTree = "<group>"; };
		1FEE0E571ED219AB0043EEAB /* MessagesViewController.swift */ = {isa = PBXFileReference; fileEncoding = 4; lastKnownFileType = sourcecode.swift; path = MessagesViewController.swift; sourceTree = "<group>"; };
		1FEE0E581ED219AB0043EEAB /* MessagesViewController.xib */ = {isa = PBXFileReference; fileEncoding = 4; lastKnownFileType = file.xib; path = MessagesViewController.xib; sourceTree = "<group>"; };
		1FEE0E5B1ED219CD0043EEAB /* FeedViewController.swift */ = {isa = PBXFileReference; fileEncoding = 4; lastKnownFileType = sourcecode.swift; path = FeedViewController.swift; sourceTree = "<group>"; };
		1FEE0E5C1ED219CD0043EEAB /* FeedViewController.xib */ = {isa = PBXFileReference; fileEncoding = 4; lastKnownFileType = file.xib; path = FeedViewController.xib; sourceTree = "<group>"; };
		1FEE0E5F1ED21F710043EEAB /* Utils.swift */ = {isa = PBXFileReference; fileEncoding = 4; lastKnownFileType = sourcecode.swift; path = Utils.swift; sourceTree = "<group>"; };
		1FEE0E611ED220F10043EEAB /* ProfileViewModel.swift */ = {isa = PBXFileReference; fileEncoding = 4; lastKnownFileType = sourcecode.swift; path = ProfileViewModel.swift; sourceTree = "<group>"; };
		1FF632F41ED25B93007AED58 /* Message.swift */ = {isa = PBXFileReference; fileEncoding = 4; lastKnownFileType = sourcecode.swift; path = Message.swift; sourceTree = "<group>"; };
		1FF632F61ED25C94007AED58 /* Event.swift */ = {isa = PBXFileReference; fileEncoding = 4; lastKnownFileType = sourcecode.swift; path = Event.swift; sourceTree = "<group>"; };
		8514D11DE18DEE270B6EB3C6 /* Pods-Ultimate App.release.xcconfig */ = {isa = PBXFileReference; includeInIndex = 1; lastKnownFileType = text.xcconfig; name = "Pods-Ultimate App.release.xcconfig"; path = "Pods/Target Support Files/Pods-Ultimate App/Pods-Ultimate App.release.xcconfig"; sourceTree = "<group>"; };
		8D41EF95959D0F7B7D4FE76B /* Pods-Ultimate App.debug.xcconfig */ = {isa = PBXFileReference; includeInIndex = 1; lastKnownFileType = text.xcconfig; name = "Pods-Ultimate App.debug.xcconfig"; path = "Pods/Target Support Files/Pods-Ultimate App/Pods-Ultimate App.debug.xcconfig"; sourceTree = "<group>"; };
		E74D485177AFD80DD3A13AE3 /* Pods_Ultimate_App.framework */ = {isa = PBXFileReference; explicitFileType = wrapper.framework; includeInIndex = 0; path = Pods_Ultimate_App.framework; sourceTree = BUILT_PRODUCTS_DIR; };
/* End PBXFileReference section */

/* Begin PBXFrameworksBuildPhase section */
		1F8751BD1ED167C7006F5733 /* Frameworks */ = {
			isa = PBXFrameworksBuildPhase;
			buildActionMask = 2147483647;
			files = (
				F4D1C60355FA37B4F5AA095C /* Pods_Ultimate_App.framework in Frameworks */,
			);
			runOnlyForDeploymentPostprocessing = 0;
		};
		1F8751D11ED167C8006F5733 /* Frameworks */ = {
			isa = PBXFrameworksBuildPhase;
			buildActionMask = 2147483647;
			files = (
			);
			runOnlyForDeploymentPostprocessing = 0;
		};
		1F8751DC1ED167C8006F5733 /* Frameworks */ = {
			isa = PBXFrameworksBuildPhase;
			buildActionMask = 2147483647;
			files = (
			);
			runOnlyForDeploymentPostprocessing = 0;
		};
/* End PBXFrameworksBuildPhase section */

/* Begin PBXGroup section */
		1679214D7F90BDB60A24C222 /* Frameworks */ = {
			isa = PBXGroup;
			children = (
				E74D485177AFD80DD3A13AE3 /* Pods_Ultimate_App.framework */,
			);
			name = Frameworks;
			sourceTree = "<group>";
		};
		1F8751B71ED167C7006F5733 = {
			isa = PBXGroup;
			children = (
				1F8751C21ED167C7006F5733 /* Ultimate App */,
				1F8751D71ED167C8006F5733 /* Ultimate AppTests */,
				1F8751E21ED167C8006F5733 /* Ultimate AppUITests */,
				1F8751C11ED167C7006F5733 /* Products */,
				892C59E85AEE9E5497BCEB3A /* Pods */,
				1679214D7F90BDB60A24C222 /* Frameworks */,
			);
			sourceTree = "<group>";
		};
		1F8751C11ED167C7006F5733 /* Products */ = {
			isa = PBXGroup;
			children = (
				1F8751C01ED167C7006F5733 /* Ultimate App.app */,
				1F8751D41ED167C8006F5733 /* Ultimate AppTests.xctest */,
				1F8751DF1ED167C8006F5733 /* Ultimate AppUITests.xctest */,
			);
			name = Products;
			sourceTree = "<group>";
		};
		1F8751C21ED167C7006F5733 /* Ultimate App */ = {
			isa = PBXGroup;
			children = (
				1F8751CF1ED167C7006F5733 /* Info.plist */,
				1F8751C31ED167C7006F5733 /* AppDelegate.swift */,
				1F8751F11ED1682F006F5733 /* Extensions.swift */,
				1FEE0E5F1ED21F710043EEAB /* Utils.swift */,
				1F8751CA1ED167C7006F5733 /* Assets.xcassets */,
				1F8751CC1ED167C7006F5733 /* LaunchScreen.storyboard */,
				1F8751F41ED16841006F5733 /* Models */,
				1F8751F31ED1683B006F5733 /* View Controllers */,
				1F8751F51ED16847006F5733 /* View Models */,
				1F8751FE1ED1689A006F5733 /* Views */,
			);
			path = "Ultimate App";
			sourceTree = "<group>";
		};
		1F8751D71ED167C8006F5733 /* Ultimate AppTests */ = {
			isa = PBXGroup;
			children = (
				1F8751D81ED167C8006F5733 /* Ultimate_AppTests.swift */,
				1F8751DA1ED167C8006F5733 /* Info.plist */,
			);
			path = "Ultimate AppTests";
			sourceTree = "<group>";
		};
		1F8751E21ED167C8006F5733 /* Ultimate AppUITests */ = {
			isa = PBXGroup;
			children = (
				1F8751E31ED167C8006F5733 /* Ultimate_AppUITests.swift */,
				1F8751E51ED167C8006F5733 /* Info.plist */,
			);
			path = "Ultimate AppUITests";
			sourceTree = "<group>";
		};
		1F8751F31ED1683B006F5733 /* View Controllers */ = {
			isa = PBXGroup;
			children = (
				1FD6C8CA1ED349A3004D99A3 /* Onboarding */,
				1F8752051ED173AF006F5733 /* DashboardTabBarViewController.swift */,
				1FEE0E5B1ED219CD0043EEAB /* FeedViewController.swift */,
				1FEE0E571ED219AB0043EEAB /* MessagesViewController.swift */,
				1FEE0E531ED20AFE0043EEAB /* ProfileViewController.swift */,
			);
			name = "View Controllers";
			sourceTree = "<group>";
		};
		1F8751F41ED16841006F5733 /* Models */ = {
			isa = PBXGroup;
			children = (
				1F87520B1ED1746E006F5733 /* Account.swift */,
				1F87520D1ED175D3006F5733 /* DataStore.swift */,
				1FF632F61ED25C94007AED58 /* Event.swift */,
				1FF632F41ED25B93007AED58 /* Message.swift */,
			);
			name = Models;
			sourceTree = "<group>";
		};
		1F8751F51ED16847006F5733 /* View Models */ = {
			isa = PBXGroup;
			children = (
				1FD6C8CC1ED349C6004D99A3 /* Onboarding */,
				1F8752091ED17434006F5733 /* DashboardViewModel.swift */,
				1FEE0E611ED220F10043EEAB /* ProfileViewModel.swift */,
			);
			name = "View Models";
			sourceTree = "<group>";
		};
		1F8751FE1ED1689A006F5733 /* Views */ = {
			isa = PBXGroup;
			children = (
				1FD6C8CB1ED349AF004D99A3 /* Onboarding */,
				1F8752061ED173AF006F5733 /* DashboardTabBarViewController.xib */,
				1FEE0E5C1ED219CD0043EEAB /* FeedViewController.xib */,
				1FEE0E581ED219AB0043EEAB /* MessagesViewController.xib */,
				1FEE0E541ED20AFE0043EEAB /* ProfileViewController.xib */,
			);
			name = Views;
			sourceTree = "<group>";
		};
		1FD6C8CA1ED349A3004D99A3 /* Onboarding */ = {
			isa = PBXGroup;
			children = (
				1F8751FA1ED16893006F5733 /* CreateAccountViewController.swift */,
				1F8751F61ED16885006F5733 /* SignInViewController.swift */,
				1F1072C71EDBD0B300882053 /* WelcomeViewController.swift */,
			);
			name = Onboarding;
			sourceTree = "<group>";
		};
		1FD6C8CB1ED349AF004D99A3 /* Onboarding */ = {
			isa = PBXGroup;
			children = (
				1F8751FB1ED16893006F5733 /* CreateAccountViewController.xib */,
				1F8751F71ED16885006F5733 /* SignInViewController.xib */,
				1F1072C81EDBD0B300882053 /* WelcomeViewController.xib */,
			);
			name = Onboarding;
			sourceTree = "<group>";
		};
		1FD6C8CC1ED349C6004D99A3 /* Onboarding */ = {
			isa = PBXGroup;
			children = (
				1F8752011ED16B70006F5733 /* CreateAccountViewModel.swift */,
				1F8752031ED1709B006F5733 /* SignInViewModel.swift */,
			);
			name = Onboarding;
			sourceTree = "<group>";
		};
		892C59E85AEE9E5497BCEB3A /* Pods */ = {
			isa = PBXGroup;
			children = (
				8D41EF95959D0F7B7D4FE76B /* Pods-Ultimate App.debug.xcconfig */,
				8514D11DE18DEE270B6EB3C6 /* Pods-Ultimate App.release.xcconfig */,
			);
			name = Pods;
			sourceTree = "<group>";
		};
/* End PBXGroup section */

/* Begin PBXNativeTarget section */
		1F8751BF1ED167C7006F5733 /* Ultimate App */ = {
			isa = PBXNativeTarget;
			buildConfigurationList = 1F8751E81ED167C8006F5733 /* Build configuration list for PBXNativeTarget "Ultimate App" */;
			buildPhases = (
				941D694E735C9E975FCA606E /* [CP] Check Pods Manifest.lock */,
				1F8751BC1ED167C7006F5733 /* Sources */,
				1F8751BD1ED167C7006F5733 /* Frameworks */,
				1F8751BE1ED167C7006F5733 /* Resources */,
				46ECCAA8F8F9FF6A55A1ECF6 /* [CP] Embed Pods Frameworks */,
				7366FF7A51D4315B3FABCEA6 /* [CP] Copy Pods Resources */,
			);
			buildRules = (
			);
			dependencies = (
			);
			name = "Ultimate App";
			productName = "Ultimate App";
			productReference = 1F8751C01ED167C7006F5733 /* Ultimate App.app */;
			productType = "com.apple.product-type.application";
		};
		1F8751D31ED167C8006F5733 /* Ultimate AppTests */ = {
			isa = PBXNativeTarget;
			buildConfigurationList = 1F8751EB1ED167C8006F5733 /* Build configuration list for PBXNativeTarget "Ultimate AppTests" */;
			buildPhases = (
				1F8751D01ED167C8006F5733 /* Sources */,
				1F8751D11ED167C8006F5733 /* Frameworks */,
				1F8751D21ED167C8006F5733 /* Resources */,
			);
			buildRules = (
			);
			dependencies = (
				1F8751D61ED167C8006F5733 /* PBXTargetDependency */,
			);
			name = "Ultimate AppTests";
			productName = "Ultimate AppTests";
			productReference = 1F8751D41ED167C8006F5733 /* Ultimate AppTests.xctest */;
			productType = "com.apple.product-type.bundle.unit-test";
		};
		1F8751DE1ED167C8006F5733 /* Ultimate AppUITests */ = {
			isa = PBXNativeTarget;
			buildConfigurationList = 1F8751EE1ED167C8006F5733 /* Build configuration list for PBXNativeTarget "Ultimate AppUITests" */;
			buildPhases = (
				1F8751DB1ED167C8006F5733 /* Sources */,
				1F8751DC1ED167C8006F5733 /* Frameworks */,
				1F8751DD1ED167C8006F5733 /* Resources */,
			);
			buildRules = (
			);
			dependencies = (
				1F8751E11ED167C8006F5733 /* PBXTargetDependency */,
			);
			name = "Ultimate AppUITests";
			productName = "Ultimate AppUITests";
			productReference = 1F8751DF1ED167C8006F5733 /* Ultimate AppUITests.xctest */;
			productType = "com.apple.product-type.bundle.ui-testing";
		};
/* End PBXNativeTarget section */

/* Begin PBXProject section */
		1F8751B81ED167C7006F5733 /* Project object */ = {
			isa = PBXProject;
			attributes = {
				LastSwiftUpdateCheck = 0820;
				LastUpgradeCheck = 0820;
				ORGANIZATIONNAME = Codeify;
				TargetAttributes = {
					1F8751BF1ED167C7006F5733 = {
						CreatedOnToolsVersion = 8.2.1;
						DevelopmentTeam = HCS55STQTH;
						ProvisioningStyle = Automatic;
					};
					1F8751D31ED167C8006F5733 = {
						CreatedOnToolsVersion = 8.2.1;
						DevelopmentTeam = HCS55STQTH;
						ProvisioningStyle = Automatic;
						TestTargetID = 1F8751BF1ED167C7006F5733;
					};
					1F8751DE1ED167C8006F5733 = {
						CreatedOnToolsVersion = 8.2.1;
						DevelopmentTeam = HCS55STQTH;
						ProvisioningStyle = Automatic;
						TestTargetID = 1F8751BF1ED167C7006F5733;
					};
				};
			};
			buildConfigurationList = 1F8751BB1ED167C7006F5733 /* Build configuration list for PBXProject "Ultimate App" */;
			compatibilityVersion = "Xcode 3.2";
			developmentRegion = English;
			hasScannedForEncodings = 0;
			knownRegions = (
				en,
				Base,
			);
			mainGroup = 1F8751B71ED167C7006F5733;
			productRefGroup = 1F8751C11ED167C7006F5733 /* Products */;
			projectDirPath = "";
			projectRoot = "";
			targets = (
				1F8751BF1ED167C7006F5733 /* Ultimate App */,
				1F8751D31ED167C8006F5733 /* Ultimate AppTests */,
				1F8751DE1ED167C8006F5733 /* Ultimate AppUITests */,
			);
		};
/* End PBXProject section */

/* Begin PBXResourcesBuildPhase section */
		1F8751BE1ED167C7006F5733 /* Resources */ = {
			isa = PBXResourcesBuildPhase;
			buildActionMask = 2147483647;
			files = (
				1FEE0E561ED20AFE0043EEAB /* ProfileViewController.xib in Resources */,
				1F8751FD1ED16893006F5733 /* CreateAccountViewController.xib in Resources */,
				1F1072CA1EDBD0B300882053 /* WelcomeViewController.xib in Resources */,
				1FEE0E5E1ED219CD0043EEAB /* FeedViewController.xib in Resources */,
				1F8751CE1ED167C7006F5733 /* LaunchScreen.storyboard in Resources */,
				1FEE0E5A1ED219AB0043EEAB /* MessagesViewController.xib in Resources */,
				1F8751F91ED16885006F5733 /* SignInViewController.xib in Resources */,
				1F8751CB1ED167C7006F5733 /* Assets.xcassets in Resources */,
				1F8752081ED173AF006F5733 /* DashboardTabBarViewController.xib in Resources */,
			);
			runOnlyForDeploymentPostprocessing = 0;
		};
		1F8751D21ED167C8006F5733 /* Resources */ = {
			isa = PBXResourcesBuildPhase;
			buildActionMask = 2147483647;
			files = (
			);
			runOnlyForDeploymentPostprocessing = 0;
		};
		1F8751DD1ED167C8006F5733 /* Resources */ = {
			isa = PBXResourcesBuildPhase;
			buildActionMask = 2147483647;
			files = (
			);
			runOnlyForDeploymentPostprocessing = 0;
		};
/* End PBXResourcesBuildPhase section */

/* Begin PBXShellScriptBuildPhase section */
		46ECCAA8F8F9FF6A55A1ECF6 /* [CP] Embed Pods Frameworks */ = {
			isa = PBXShellScriptBuildPhase;
			buildActionMask = 2147483647;
			files = (
			);
			inputPaths = (
			);
			name = "[CP] Embed Pods Frameworks";
			outputPaths = (
			);
			runOnlyForDeploymentPostprocessing = 0;
			shellPath = /bin/sh;
			shellScript = "\"${SRCROOT}/Pods/Target Support Files/Pods-Ultimate App/Pods-Ultimate App-frameworks.sh\"\n";
			showEnvVarsInLog = 0;
		};
		7366FF7A51D4315B3FABCEA6 /* [CP] Copy Pods Resources */ = {
			isa = PBXShellScriptBuildPhase;
			buildActionMask = 2147483647;
			files = (
			);
			inputPaths = (
			);
			name = "[CP] Copy Pods Resources";
			outputPaths = (
			);
			runOnlyForDeploymentPostprocessing = 0;
			shellPath = /bin/sh;
			shellScript = "\"${SRCROOT}/Pods/Target Support Files/Pods-Ultimate App/Pods-Ultimate App-resources.sh\"\n";
			showEnvVarsInLog = 0;
		};
		941D694E735C9E975FCA606E /* [CP] Check Pods Manifest.lock */ = {
			isa = PBXShellScriptBuildPhase;
			buildActionMask = 2147483647;
			files = (
			);
			inputPaths = (
			);
			name = "[CP] Check Pods Manifest.lock";
			outputPaths = (
			);
			runOnlyForDeploymentPostprocessing = 0;
			shellPath = /bin/sh;
			shellScript = "diff \"${PODS_PODFILE_DIR_PATH}/Podfile.lock\" \"${PODS_ROOT}/Manifest.lock\" > /dev/null\nif [ $? != 0 ] ; then\n    # print error to STDERR\n    echo \"error: The sandbox is not in sync with the Podfile.lock. Run 'pod install' or update your CocoaPods installation.\" >&2\n    exit 1\nfi\n";
			showEnvVarsInLog = 0;
		};
/* End PBXShellScriptBuildPhase section */

/* Begin PBXSourcesBuildPhase section */
		1F8751BC1ED167C7006F5733 /* Sources */ = {
			isa = PBXSourcesBuildPhase;
			buildActionMask = 2147483647;
			files = (
				1F8751FC1ED16893006F5733 /* CreateAccountViewController.swift in Sources */,
				1F8752021ED16B70006F5733 /* CreateAccountViewModel.swift in Sources */,
				1F8752041ED1709B006F5733 /* SignInViewModel.swift in Sources */,
				1FEE0E601ED21F710043EEAB /* Utils.swift in Sources */,
				1F87520E1ED175D3006F5733 /* DataStore.swift in Sources */,
				1F8751C41ED167C7006F5733 /* AppDelegate.swift in Sources */,
				1F8752071ED173AF006F5733 /* DashboardTabBarViewController.swift in Sources */,
				1FEE0E591ED219AB0043EEAB /* MessagesViewController.swift in Sources */,
				1FF632F71ED25C94007AED58 /* Event.swift in Sources */,
				1F1072C91EDBD0B300882053 /* WelcomeViewController.swift in Sources */,
				1FEE0E551ED20AFE0043EEAB /* ProfileViewController.swift in Sources */,
				1FEE0E621ED220F10043EEAB /* ProfileViewModel.swift in Sources */,
				1F87520C1ED1746E006F5733 /* Account.swift in Sources */,
				1F8751F21ED1682F006F5733 /* Extensions.swift in Sources */,
				1F8751F81ED16885006F5733 /* SignInViewController.swift in Sources */,
				1FF632F51ED25B93007AED58 /* Message.swift in Sources */,
				1FEE0E5D1ED219CD0043EEAB /* FeedViewController.swift in Sources */,
				1F87520A1ED17434006F5733 /* DashboardViewModel.swift in Sources */,
			);
			runOnlyForDeploymentPostprocessing = 0;
		};
		1F8751D01ED167C8006F5733 /* Sources */ = {
			isa = PBXSourcesBuildPhase;
			buildActionMask = 2147483647;
			files = (
				1F8751D91ED167C8006F5733 /* Ultimate_AppTests.swift in Sources */,
			);
			runOnlyForDeploymentPostprocessing = 0;
		};
		1F8751DB1ED167C8006F5733 /* Sources */ = {
			isa = PBXSourcesBuildPhase;
			buildActionMask = 2147483647;
			files = (
				1F8751E41ED167C8006F5733 /* Ultimate_AppUITests.swift in Sources */,
			);
			runOnlyForDeploymentPostprocessing = 0;
		};
/* End PBXSourcesBuildPhase section */

/* Begin PBXTargetDependency section */
		1F8751D61ED167C8006F5733 /* PBXTargetDependency */ = {
			isa = PBXTargetDependency;
			target = 1F8751BF1ED167C7006F5733 /* Ultimate App */;
			targetProxy = 1F8751D51ED167C8006F5733 /* PBXContainerItemProxy */;
		};
		1F8751E11ED167C8006F5733 /* PBXTargetDependency */ = {
			isa = PBXTargetDependency;
			target = 1F8751BF1ED167C7006F5733 /* Ultimate App */;
			targetProxy = 1F8751E01ED167C8006F5733 /* PBXContainerItemProxy */;
		};
/* End PBXTargetDependency section */

/* Begin PBXVariantGroup section */
		1F8751CC1ED167C7006F5733 /* LaunchScreen.storyboard */ = {
			isa = PBXVariantGroup;
			children = (
				1F8751CD1ED167C7006F5733 /* Base */,
			);
			name = LaunchScreen.storyboard;
			sourceTree = "<group>";
		};
/* End PBXVariantGroup section */

/* Begin XCBuildConfiguration section */
		1F8751E61ED167C8006F5733 /* Debug */ = {
			isa = XCBuildConfiguration;
			buildSettings = {
				ALWAYS_SEARCH_USER_PATHS = NO;
				CLANG_ANALYZER_NONNULL = YES;
				CLANG_CXX_LANGUAGE_STANDARD = "gnu++0x";
				CLANG_CXX_LIBRARY = "libc++";
				CLANG_ENABLE_MODULES = YES;
				CLANG_ENABLE_OBJC_ARC = YES;
				CLANG_WARN_BOOL_CONVERSION = YES;
				CLANG_WARN_CONSTANT_CONVERSION = YES;
				CLANG_WARN_DIRECT_OBJC_ISA_USAGE = YES_ERROR;
				CLANG_WARN_DOCUMENTATION_COMMENTS = YES;
				CLANG_WARN_EMPTY_BODY = YES;
				CLANG_WARN_ENUM_CONVERSION = YES;
				CLANG_WARN_INFINITE_RECURSION = YES;
				CLANG_WARN_INT_CONVERSION = YES;
				CLANG_WARN_OBJC_ROOT_CLASS = YES_ERROR;
				CLANG_WARN_SUSPICIOUS_MOVE = YES;
				CLANG_WARN_UNREACHABLE_CODE = YES;
				CLANG_WARN__DUPLICATE_METHOD_MATCH = YES;
				"CODE_SIGN_IDENTITY[sdk=iphoneos*]" = "iPhone Developer";
				COPY_PHASE_STRIP = NO;
				DEBUG_INFORMATION_FORMAT = dwarf;
				ENABLE_STRICT_OBJC_MSGSEND = YES;
				ENABLE_TESTABILITY = YES;
				GCC_C_LANGUAGE_STANDARD = gnu99;
				GCC_DYNAMIC_NO_PIC = NO;
				GCC_NO_COMMON_BLOCKS = YES;
				GCC_OPTIMIZATION_LEVEL = 0;
				GCC_PREPROCESSOR_DEFINITIONS = (
					"DEBUG=1",
					"$(inherited)",
				);
				GCC_WARN_64_TO_32_BIT_CONVERSION = YES;
				GCC_WARN_ABOUT_RETURN_TYPE = YES_ERROR;
				GCC_WARN_UNDECLARED_SELECTOR = YES;
				GCC_WARN_UNINITIALIZED_AUTOS = YES_AGGRESSIVE;
				GCC_WARN_UNUSED_FUNCTION = YES;
				GCC_WARN_UNUSED_VARIABLE = YES;
				IPHONEOS_DEPLOYMENT_TARGET = 10.2;
				MTL_ENABLE_DEBUG_INFO = YES;
				ONLY_ACTIVE_ARCH = YES;
				SDKROOT = iphoneos;
				SWIFT_ACTIVE_COMPILATION_CONDITIONS = DEBUG;
				SWIFT_OPTIMIZATION_LEVEL = "-Onone";
			};
			name = Debug;
		};
		1F8751E71ED167C8006F5733 /* Release */ = {
			isa = XCBuildConfiguration;
			buildSettings = {
				ALWAYS_SEARCH_USER_PATHS = NO;
				CLANG_ANALYZER_NONNULL = YES;
				CLANG_CXX_LANGUAGE_STANDARD = "gnu++0x";
				CLANG_CXX_LIBRARY = "libc++";
				CLANG_ENABLE_MODULES = YES;
				CLANG_ENABLE_OBJC_ARC = YES;
				CLANG_WARN_BOOL_CONVERSION = YES;
				CLANG_WARN_CONSTANT_CONVERSION = YES;
				CLANG_WARN_DIRECT_OBJC_ISA_USAGE = YES_ERROR;
				CLANG_WARN_DOCUMENTATION_COMMENTS = YES;
				CLANG_WARN_EMPTY_BODY = YES;
				CLANG_WARN_ENUM_CONVERSION = YES;
				CLANG_WARN_INFINITE_RECURSION = YES;
				CLANG_WARN_INT_CONVERSION = YES;
				CLANG_WARN_OBJC_ROOT_CLASS = YES_ERROR;
				CLANG_WARN_SUSPICIOUS_MOVE = YES;
				CLANG_WARN_UNREACHABLE_CODE = YES;
				CLANG_WARN__DUPLICATE_METHOD_MATCH = YES;
				"CODE_SIGN_IDENTITY[sdk=iphoneos*]" = "iPhone Developer";
				COPY_PHASE_STRIP = NO;
				DEBUG_INFORMATION_FORMAT = "dwarf-with-dsym";
				ENABLE_NS_ASSERTIONS = NO;
				ENABLE_STRICT_OBJC_MSGSEND = YES;
				GCC_C_LANGUAGE_STANDARD = gnu99;
				GCC_NO_COMMON_BLOCKS = YES;
				GCC_WARN_64_TO_32_BIT_CONVERSION = YES;
				GCC_WARN_ABOUT_RETURN_TYPE = YES_ERROR;
				GCC_WARN_UNDECLARED_SELECTOR = YES;
				GCC_WARN_UNINITIALIZED_AUTOS = YES_AGGRESSIVE;
				GCC_WARN_UNUSED_FUNCTION = YES;
				GCC_WARN_UNUSED_VARIABLE = YES;
				IPHONEOS_DEPLOYMENT_TARGET = 10.2;
				MTL_ENABLE_DEBUG_INFO = NO;
				SDKROOT = iphoneos;
				SWIFT_OPTIMIZATION_LEVEL = "-Owholemodule";
				VALIDATE_PRODUCT = YES;
			};
			name = Release;
		};
		1F8751E91ED167C8006F5733 /* Debug */ = {
			isa = XCBuildConfiguration;
			baseConfigurationReference = 8D41EF95959D0F7B7D4FE76B /* Pods-Ultimate App.debug.xcconfig */;
			buildSettings = {
				ASSETCATALOG_COMPILER_APPICON_NAME = AppIcon;
				DEVELOPMENT_TEAM = HCS55STQTH;
				INFOPLIST_FILE = "Ultimate App/Info.plist";
				LD_RUNPATH_SEARCH_PATHS = "$(inherited) @executable_path/Frameworks";
				PRODUCT_BUNDLE_IDENTIFIER = "com.codeify.Ultimate-App";
				PRODUCT_NAME = "$(TARGET_NAME)";
				SWIFT_VERSION = 3.0;
			};
			name = Debug;
		};
		1F8751EA1ED167C8006F5733 /* Release */ = {
			isa = XCBuildConfiguration;
			baseConfigurationReference = 8514D11DE18DEE270B6EB3C6 /* Pods-Ultimate App.release.xcconfig */;
			buildSettings = {
				ASSETCATALOG_COMPILER_APPICON_NAME = AppIcon;
				DEVELOPMENT_TEAM = HCS55STQTH;
				INFOPLIST_FILE = "Ultimate App/Info.plist";
				LD_RUNPATH_SEARCH_PATHS = "$(inherited) @executable_path/Frameworks";
				PRODUCT_BUNDLE_IDENTIFIER = "com.codeify.Ultimate-App";
				PRODUCT_NAME = "$(TARGET_NAME)";
				SWIFT_VERSION = 3.0;
			};
			name = Release;
		};
		1F8751EC1ED167C8006F5733 /* Debug */ = {
			isa = XCBuildConfiguration;
			buildSettings = {
				ALWAYS_EMBED_SWIFT_STANDARD_LIBRARIES = YES;
				BUNDLE_LOADER = "$(TEST_HOST)";
				DEVELOPMENT_TEAM = HCS55STQTH;
				INFOPLIST_FILE = "Ultimate AppTests/Info.plist";
				LD_RUNPATH_SEARCH_PATHS = "$(inherited) @executable_path/Frameworks @loader_path/Frameworks";
				PRODUCT_BUNDLE_IDENTIFIER = "com.codeify.Ultimate-AppTests";
				PRODUCT_NAME = "$(TARGET_NAME)";
				SWIFT_VERSION = 3.0;
				TEST_HOST = "$(BUILT_PRODUCTS_DIR)/Ultimate App.app/Ultimate App";
			};
			name = Debug;
		};
		1F8751ED1ED167C8006F5733 /* Release */ = {
			isa = XCBuildConfiguration;
			buildSettings = {
				ALWAYS_EMBED_SWIFT_STANDARD_LIBRARIES = YES;
				BUNDLE_LOADER = "$(TEST_HOST)";
				DEVELOPMENT_TEAM = HCS55STQTH;
				INFOPLIST_FILE = "Ultimate AppTests/Info.plist";
				LD_RUNPATH_SEARCH_PATHS = "$(inherited) @executable_path/Frameworks @loader_path/Frameworks";
				PRODUCT_BUNDLE_IDENTIFIER = "com.codeify.Ultimate-AppTests";
				PRODUCT_NAME = "$(TARGET_NAME)";
				SWIFT_VERSION = 3.0;
				TEST_HOST = "$(BUILT_PRODUCTS_DIR)/Ultimate App.app/Ultimate App";
			};
			name = Release;
		};
		1F8751EF1ED167C8006F5733 /* Debug */ = {
			isa = XCBuildConfiguration;
			buildSettings = {
				ALWAYS_EMBED_SWIFT_STANDARD_LIBRARIES = YES;
				DEVELOPMENT_TEAM = HCS55STQTH;
				INFOPLIST_FILE = "Ultimate AppUITests/Info.plist";
				LD_RUNPATH_SEARCH_PATHS = "$(inherited) @executable_path/Frameworks @loader_path/Frameworks";
				PRODUCT_BUNDLE_IDENTIFIER = "com.codeify.Ultimate-AppUITests";
				PRODUCT_NAME = "$(TARGET_NAME)";
				SWIFT_VERSION = 3.0;
				TEST_TARGET_NAME = "Ultimate App";
			};
			name = Debug;
		};
		1F8751F01ED167C8006F5733 /* Release */ = {
			isa = XCBuildConfiguration;
			buildSettings = {
				ALWAYS_EMBED_SWIFT_STANDARD_LIBRARIES = YES;
				DEVELOPMENT_TEAM = HCS55STQTH;
				INFOPLIST_FILE = "Ultimate AppUITests/Info.plist";
				LD_RUNPATH_SEARCH_PATHS = "$(inherited) @executable_path/Frameworks @loader_path/Frameworks";
				PRODUCT_BUNDLE_IDENTIFIER = "com.codeify.Ultimate-AppUITests";
				PRODUCT_NAME = "$(TARGET_NAME)";
				SWIFT_VERSION = 3.0;
				TEST_TARGET_NAME = "Ultimate App";
			};
			name = Release;
		};
/* End XCBuildConfiguration section */

/* Begin XCConfigurationList section */
		1F8751BB1ED167C7006F5733 /* Build configuration list for PBXProject "Ultimate App" */ = {
			isa = XCConfigurationList;
			buildConfigurations = (
				1F8751E61ED167C8006F5733 /* Debug */,
				1F8751E71ED167C8006F5733 /* Release */,
			);
			defaultConfigurationIsVisible = 0;
			defaultConfigurationName = Release;
		};
		1F8751E81ED167C8006F5733 /* Build configuration list for PBXNativeTarget "Ultimate App" */ = {
			isa = XCConfigurationList;
			buildConfigurations = (
				1F8751E91ED167C8006F5733 /* Debug */,
				1F8751EA1ED167C8006F5733 /* Release */,
			);
			defaultConfigurationIsVisible = 0;
			defaultConfigurationName = Release;
		};
		1F8751EB1ED167C8006F5733 /* Build configuration list for PBXNativeTarget "Ultimate AppTests" */ = {
			isa = XCConfigurationList;
			buildConfigurations = (
				1F8751EC1ED167C8006F5733 /* Debug */,
				1F8751ED1ED167C8006F5733 /* Release */,
			);
			defaultConfigurationIsVisible = 0;
			defaultConfigurationName = Release;
		};
		1F8751EE1ED167C8006F5733 /* Build configuration list for PBXNativeTarget "Ultimate AppUITests" */ = {
			isa = XCConfigurationList;
			buildConfigurations = (
				1F8751EF1ED167C8006F5733 /* Debug */,
				1F8751F01ED167C8006F5733 /* Release */,
			);
			defaultConfigurationIsVisible = 0;
			defaultConfigurationName = Release;
		};
/* End XCConfigurationList section */
	};
	rootObject = 1F8751B81ED167C7006F5733 /* Project object */;
}
